// !$*UTF8*$!
{
	archiveVersion = 1;
	classes = {
	};
	objectVersion = 77;
	objects = {

/* Begin PBXContainerItemProxy section */
		BA8E0E082F33F198007DD537 /* PBXContainerItemProxy */ = {
			isa = PBXContainerItemProxy;
			containerPortal = BA8E0DEB2F33F197007DD537 /* Project object */;
			proxyType = 1;
			remoteGlobalIDString = BA8E0DF22F33F197007DD537;
			remoteInfo = calorietracker;
		};
		BA8E0E122F33F198007DD537 /* PBXContainerItemProxy */ = {
			isa = PBXContainerItemProxy;
			containerPortal = BA8E0DEB2F33F197007DD537 /* Project object */;
			proxyType = 1;
			remoteGlobalIDString = BA8E0DF22F33F197007DD537;
			remoteInfo = calorietracker;
		};
/* End PBXContainerItemProxy section */

/* Begin PBXFileReference section */
		BA8E0DF32F33F197007DD537 /* calorietracker.app */ = {isa = PBXFileReference; explicitFileType = wrapper.application; includeInIndex = 0; path = calorietracker.app; sourceTree = BUILT_PRODUCTS_DIR; };
		BA8E0E072F33F198007DD537 /* calorietrackerTests.xctest */ = {isa = PBXFileReference; explicitFileType = wrapper.cfbundle; includeInIndex = 0; path = calorietrackerTests.xctest; sourceTree = BUILT_PRODUCTS_DIR; };
		BA8E0E112F33F198007DD537 /* calorietrackerUITests.xctest */ = {isa = PBXFileReference; explicitFileType = wrapper.cfbundle; includeInIndex = 0; path = calorietrackerUITests.xctest; sourceTree = BUILT_PRODUCTS_DIR; };
/* End PBXFileReference section */

/* Begin PBXFileSystemSynchronizedBuildFileExceptionSet section */
		BA8E0E192F33F198007DD537 /* Exceptions for "calorietracker" folder in "calorietracker" target */ = {
			isa = PBXFileSystemSynchronizedBuildFileExceptionSet;
			membershipExceptions = (
				Info.plist,
			);
			target = BA8E0DF22F33F197007DD537 /* calorietracker */;
		};
/* End PBXFileSystemSynchronizedBuildFileExceptionSet section */

/* Begin PBXFileSystemSynchronizedRootGroup section */
		BA8E0DF52F33F197007DD537 /* calorietracker */ = {
			isa = PBXFileSystemSynchronizedRootGroup;
			exceptions = (
				BA8E0E192F33F198007DD537 /* Exceptions for "calorietracker" folder in "calorietracker" target */,
			);
			path = calorietracker;
			sourceTree = "<group>";
		};
		BA8E0E0A2F33F198007DD537 /* calorietrackerTests */ = {
			isa = PBXFileSystemSynchronizedRootGroup;
			path = calorietrackerTests;
			sourceTree = "<group>";
		};
		BA8E0E142F33F198007DD537 /* calorietrackerUITests */ = {
			isa = PBXFileSystemSynchronizedRootGroup;
			path = calorietrackerUITests;
			sourceTree = "<group>";
		};
/* End PBXFileSystemSynchronizedRootGroup section */

/* Begin PBXFrameworksBuildPhase section */
		BA8E0DF02F33F197007DD537 /* Frameworks */ = {
			isa = PBXFrameworksBuildPhase;
			buildActionMask = 2147483647;
			files = (
			);
			runOnlyForDeploymentPostprocessing = 0;
		};
		BA8E0E042F33F198007DD537 /* Frameworks */ = {
			isa = PBXFrameworksBuildPhase;
			buildActionMask = 2147483647;
			files = (
			);
			runOnlyForDeploymentPostprocessing = 0;
		};
		BA8E0E0E2F33F198007DD537 /* Frameworks */ = {
			isa = PBXFrameworksBuildPhase;
			buildActionMask = 2147483647;
			files = (
			);
			runOnlyForDeploymentPostprocessing = 0;
		};
/* End PBXFrameworksBuildPhase section */

/* Begin PBXGroup section */
		BA8E0DEA2F33F197007DD537 = {
			isa = PBXGroup;
			children = (
				BA8E0DF52F33F197007DD537 /* calorietracker */,
				BA8E0E0A2F33F198007DD537 /* calorietrackerTests */,
				BA8E0E142F33F198007DD537 /* calorietrackerUITests */,
				BA8E0DF42F33F197007DD537 /* Products */,
			);
			sourceTree = "<group>";
		};
		BA8E0DF42F33F197007DD537 /* Products */ = {
			isa = PBXGroup;
			children = (
				BA8E0DF32F33F197007DD537 /* calorietracker.app */,
				BA8E0E072F33F198007DD537 /* calorietrackerTests.xctest */,
				BA8E0E112F33F198007DD537 /* calorietrackerUITests.xctest */,
			);
			name = Products;
			sourceTree = "<group>";
		};
/* End PBXGroup section */

/* Begin PBXNativeTarget section */
		BA8E0DF22F33F197007DD537 /* calorietracker */ = {
			isa = PBXNativeTarget;
			buildConfigurationList = BA8E0E1A2F33F198007DD537 /* Build configuration list for PBXNativeTarget "calorietracker" */;
			buildPhases = (
				BA8E0DEF2F33F197007DD537 /* Sources */,
				BA8E0DF02F33F197007DD537 /* Frameworks */,
				BA8E0DF12F33F197007DD537 /* Resources */,
			);
			buildRules = (
			);
			dependencies = (
			);
			fileSystemSynchronizedGroups = (
				BA8E0DF52F33F197007DD537 /* calorietracker */,
			);
			name = calorietracker;
			packageProductDependencies = (
			);
			productName = calorietracker;
			productReference = BA8E0DF32F33F197007DD537 /* calorietracker.app */;
			productType = "com.apple.product-type.application";
		};
		BA8E0E062F33F198007DD537 /* calorietrackerTests */ = {
			isa = PBXNativeTarget;
			buildConfigurationList = BA8E0E1F2F33F198007DD537 /* Build configuration list for PBXNativeTarget "calorietrackerTests" */;
			buildPhases = (
				BA8E0E032F33F198007DD537 /* Sources */,
				BA8E0E042F33F198007DD537 /* Frameworks */,
				BA8E0E052F33F198007DD537 /* Resources */,
			);
			buildRules = (
			);
			dependencies = (
				BA8E0E092F33F198007DD537 /* PBXTargetDependency */,
			);
			fileSystemSynchronizedGroups = (
				BA8E0E0A2F33F198007DD537 /* calorietrackerTests */,
			);
			name = calorietrackerTests;
			packageProductDependencies = (
			);
			productName = calorietrackerTests;
			productReference = BA8E0E072F33F198007DD537 /* calorietrackerTests.xctest */;
			productType = "com.apple.product-type.bundle.unit-test";
		};
		BA8E0E102F33F198007DD537 /* calorietrackerUITests */ = {
			isa = PBXNativeTarget;
			buildConfigurationList = BA8E0E222F33F198007DD537 /* Build configuration list for PBXNativeTarget "calorietrackerUITests" */;
			buildPhases = (
				BA8E0E0D2F33F198007DD537 /* Sources */,
				BA8E0E0E2F33F198007DD537 /* Frameworks */,
				BA8E0E0F2F33F198007DD537 /* Resources */,
			);
			buildRules = (
			);
			dependencies = (
				BA8E0E132F33F198007DD537 /* PBXTargetDependency */,
			);
			fileSystemSynchronizedGroups = (
				BA8E0E142F33F198007DD537 /* calorietrackerUITests */,
			);
			name = calorietrackerUITests;
			packageProductDependencies = (
			);
			productName = calorietrackerUITests;
			productReference = BA8E0E112F33F198007DD537 /* calorietrackerUITests.xctest */;
			productType = "com.apple.product-type.bundle.ui-testing";
		};
/* End PBXNativeTarget section */

/* Begin PBXProject section */
		BA8E0DEB2F33F197007DD537 /* Project object */ = {
			isa = PBXProject;
			attributes = {
				BuildIndependentTargetsInParallel = 1;
				LastSwiftUpdateCheck = 2620;
				LastUpgradeCheck = 2640;
				TargetAttributes = {
					BA8E0DF22F33F197007DD537 = {
						CreatedOnToolsVersion = 26.2;
					};
					BA8E0E062F33F198007DD537 = {
						CreatedOnToolsVersion = 26.2;
						TestTargetID = BA8E0DF22F33F197007DD537;
					};
					BA8E0E102F33F198007DD537 = {
						CreatedOnToolsVersion = 26.2;
						TestTargetID = BA8E0DF22F33F197007DD537;
					};
				};
			};
			buildConfigurationList = BA8E0DEE2F33F197007DD537 /* Build configuration list for PBXProject "calorietracker" */;
			developmentRegion = en;
			hasScannedForEncodings = 0;
			knownRegions = (
				en,
				Base,
			);
			mainGroup = BA8E0DEA2F33F197007DD537;
			minimizedProjectReferenceProxies = 1;
			preferredProjectObjectVersion = 77;
			productRefGroup = BA8E0DF42F33F197007DD537 /* Products */;
			projectDirPath = "";
			projectRoot = "";
			targets = (
				BA8E0DF22F33F197007DD537 /* calorietracker */,
				BA8E0E062F33F198007DD537 /* calorietrackerTests */,
				BA8E0E102F33F198007DD537 /* calorietrackerUITests */,
			);
		};
/* End PBXProject section */

/* Begin PBXResourcesBuildPhase section */
		BA8E0DF12F33F197007DD537 /* Resources */ = {
			isa = PBXResourcesBuildPhase;
			buildActionMask = 2147483647;
			files = (
			);
			runOnlyForDeploymentPostprocessing = 0;
		};
		BA8E0E052F33F198007DD537 /* Resources */ = {
			isa = PBXResourcesBuildPhase;
			buildActionMask = 2147483647;
			files = (
			);
			runOnlyForDeploymentPostprocessing = 0;
		};
		BA8E0E0F2F33F198007DD537 /* Resources */ = {
			isa = PBXResourcesBuildPhase;
			buildActionMask = 2147483647;
			files = (
			);
			runOnlyForDeploymentPostprocessing = 0;
		};
/* End PBXResourcesBuildPhase section */

/* Begin PBXSourcesBuildPhase section */
		BA8E0DEF2F33F197007DD537 /* Sources */ = {
			isa = PBXSourcesBuildPhase;
			buildActionMask = 2147483647;
			files = (
			);
			runOnlyForDeploymentPostprocessing = 0;
		};
		BA8E0E032F33F198007DD537 /* Sources */ = {
			isa = PBXSourcesBuildPhase;
			buildActionMask = 2147483647;
			files = (
			);
			runOnlyForDeploymentPostprocessing = 0;
		};
		BA8E0E0D2F33F198007DD537 /* Sources */ = {
			isa = PBXSourcesBuildPhase;
			buildActionMask = 2147483647;
			files = (
			);
			runOnlyForDeploymentPostprocessing = 0;
		};
/* End PBXSourcesBuildPhase section */

/* Begin PBXTargetDependency section */
		BA8E0E092F33F198007DD537 /* PBXTargetDependency */ = {
			isa = PBXTargetDependency;
			target = BA8E0DF22F33F197007DD537 /* calorietracker */;
			targetProxy = BA8E0E082F33F198007DD537 /* PBXContainerItemProxy */;
		};
		BA8E0E132F33F198007DD537 /* PBXTargetDependency */ = {
			isa = PBXTargetDependency;
			target = BA8E0DF22F33F197007DD537 /* calorietracker */;
			targetProxy = BA8E0E122F33F198007DD537 /* PBXContainerItemProxy */;
		};
/* End PBXTargetDependency section */

/* Begin XCBuildConfiguration section */
		BA8E0E1B2F33F198007DD537 /* Debug */ = {
			isa = XCBuildConfiguration;
			buildSettings = {
				ASSETCATALOG_COMPILER_APPICON_NAME = AppIcon;
				ASSETCATALOG_COMPILER_GLOBAL_ACCENT_COLOR_NAME = AccentColor;
				CODE_SIGN_ENTITLEMENTS = calorietracker/calorietracker.entitlements;
				CODE_SIGN_STYLE = Automatic;
				CURRENT_PROJECT_VERSION = 1;
				DEVELOPMENT_TEAM = 23RV7FYH36;
				ENABLE_PREVIEWS = YES;
				GENERATE_INFOPLIST_FILE = YES;
				INFOPLIST_FILE = calorietracker/Info.plist;
				INFOPLIST_KEY_CFBundleDisplayName = "Fud AI";
				INFOPLIST_KEY_LSApplicationCategoryType = "public.app-category.healthcare-fitness";
				INFOPLIST_KEY_NSCameraUsageDescription = "Cal AI needs camera access to scan your food and calculate calories.";
				INFOPLIST_KEY_NSHealthShareUsageDescription = "Read your weight, height, and body composition to keep your profile accurate.";
				INFOPLIST_KEY_NSHealthUpdateUsageDescription = "Write your nutrition and body measurements so all your health data stays in one place.";
				INFOPLIST_KEY_NSMicrophoneUsageDescription = "Fud AI needs microphone access so you can log food by voice.";
				INFOPLIST_KEY_NSSpeechRecognitionUsageDescription = "Fud AI uses speech recognition to convert your voice into text for food logging.";
				INFOPLIST_KEY_UIApplicationSceneManifest_Generation = YES;
				INFOPLIST_KEY_UIApplicationSupportsIndirectInputEvents = YES;
				INFOPLIST_KEY_UILaunchScreen_Generation = YES;
				INFOPLIST_KEY_UISupportedInterfaceOrientations = UIInterfaceOrientationPortrait;
				INFOPLIST_KEY_UISupportedInterfaceOrientations_iPad = "UIInterfaceOrientationLandscapeLeft UIInterfaceOrientationLandscapeRight UIInterfaceOrientationPortrait UIInterfaceOrientationPortraitUpsideDown";
				LD_RUNPATH_SEARCH_PATHS = (
					"$(inherited)",
					"@executable_path/Frameworks",
				);
				MARKETING_VERSION = 1.2;
				PRODUCT_BUNDLE_IDENTIFIER = com.apoorvdarshan.calorietracker;
				PRODUCT_NAME = "$(TARGET_NAME)";
				STRING_CATALOG_GENERATE_SYMBOLS = YES;
				SUPPORTED_PLATFORMS = "iphoneos iphonesimulator";
				SUPPORTS_MACCATALYST = NO;
				SUPPORTS_MAC_DESIGNED_FOR_IPHONE_IPAD = NO;
				SUPPORTS_XR_DESIGNED_FOR_IPHONE_IPAD = NO;
				SWIFT_APPROACHABLE_CONCURRENCY = YES;
				SWIFT_DEFAULT_ACTOR_ISOLATION = MainActor;
				SWIFT_EMIT_LOC_STRINGS = YES;
				SWIFT_UPCOMING_FEATURE_MEMBER_IMPORT_VISIBILITY = YES;
				SWIFT_VERSION = 5.0;
				TARGETED_DEVICE_FAMILY = 1;
			};
			name = Debug;
		};
		BA8E0E1C2F33F198007DD537 /* Release */ = {
			isa = XCBuildConfiguration;
			buildSettings = {
				ASSETCATALOG_COMPILER_APPICON_NAME = AppIcon;
				ASSETCATALOG_COMPILER_GLOBAL_ACCENT_COLOR_NAME = AccentColor;
				CODE_SIGN_ENTITLEMENTS = calorietracker/calorietracker.entitlements;
				CODE_SIGN_STYLE = Automatic;
				CURRENT_PROJECT_VERSION = 1;
				DEVELOPMENT_TEAM = 23RV7FYH36;
				ENABLE_PREVIEWS = YES;
				GENERATE_INFOPLIST_FILE = YES;
				INFOPLIST_FILE = calorietracker/Info.plist;
				INFOPLIST_KEY_CFBundleDisplayName = "Fud AI";
				INFOPLIST_KEY_LSApplicationCategoryType = "public.app-category.healthcare-fitness";
				INFOPLIST_KEY_NSCameraUsageDescription = "Cal AI needs camera access to scan your food and calculate calories.";
				INFOPLIST_KEY_NSHealthShareUsageDescription = "Read your weight, height, and body composition to keep your profile accurate.";
				INFOPLIST_KEY_NSHealthUpdateUsageDescription = "Write your nutrition and body measurements so all your health data stays in one place.";
				INFOPLIST_KEY_NSMicrophoneUsageDescription = "Fud AI needs microphone access so you can log food by voice.";
				INFOPLIST_KEY_NSSpeechRecognitionUsageDescription = "Fud AI uses speech recognition to convert your voice into text for food logging.";
				INFOPLIST_KEY_UIApplicationSceneManifest_Generation = YES;
				INFOPLIST_KEY_UIApplicationSupportsIndirectInputEvents = YES;
				INFOPLIST_KEY_UILaunchScreen_Generation = YES;
				INFOPLIST_KEY_UISupportedInterfaceOrientations = UIInterfaceOrientationPortrait;
				INFOPLIST_KEY_UISupportedInterfaceOrientations_iPad = "UIInterfaceOrientationLandscapeLeft UIInterfaceOrientationLandscapeRight UIInterfaceOrientationPortrait UIInterfaceOrientationPortraitUpsideDown";
				LD_RUNPATH_SEARCH_PATHS = (
					"$(inherited)",
					"@executable_path/Frameworks",
				);
				MARKETING_VERSION = 1.2;
				PRODUCT_BUNDLE_IDENTIFIER = com.apoorvdarshan.calorietracker;
				PRODUCT_NAME = "$(TARGET_NAME)";
				STRING_CATALOG_GENERATE_SYMBOLS = YES;
				SUPPORTED_PLATFORMS = "iphoneos iphonesimulator";
				SUPPORTS_MACCATALYST = NO;
				SUPPORTS_MAC_DESIGNED_FOR_IPHONE_IPAD = NO;
				SUPPORTS_XR_DESIGNED_FOR_IPHONE_IPAD = NO;
				SWIFT_APPROACHABLE_CONCURRENCY = YES;
				SWIFT_DEFAULT_ACTOR_ISOLATION = MainActor;
				SWIFT_EMIT_LOC_STRINGS = YES;
				SWIFT_UPCOMING_FEATURE_MEMBER_IMPORT_VISIBILITY = YES;
				SWIFT_VERSION = 5.0;
				TARGETED_DEVICE_FAMILY = 1;
			};
			name = Release;
		};
		BA8E0E1D2F33F198007DD537 /* Debug */ = {
			isa = XCBuildConfiguration;
			buildSettings = {
				ALWAYS_SEARCH_USER_PATHS = NO;
				ASSETCATALOG_COMPILER_GENERATE_SWIFT_ASSET_SYMBOL_EXTENSIONS = YES;
				CLANG_ANALYZER_NONNULL = YES;
				CLANG_ANALYZER_NUMBER_OBJECT_CONVERSION = YES_AGGRESSIVE;
				CLANG_CXX_LANGUAGE_STANDARD = "gnu++20";
				CLANG_ENABLE_MODULES = YES;
				CLANG_ENABLE_OBJC_ARC = YES;
				CLANG_ENABLE_OBJC_WEAK = YES;
				CLANG_WARN_BLOCK_CAPTURE_AUTORELEASING = YES;
				CLANG_WARN_BOOL_CONVERSION = YES;
				CLANG_WARN_COMMA = YES;
				CLANG_WARN_CONSTANT_CONVERSION = YES;
				CLANG_WARN_DEPRECATED_OBJC_IMPLEMENTATIONS = YES;
				CLANG_WARN_DIRECT_OBJC_ISA_USAGE = YES_ERROR;
				CLANG_WARN_DOCUMENTATION_COMMENTS = YES;
				CLANG_WARN_EMPTY_BODY = YES;
				CLANG_WARN_ENUM_CONVERSION = YES;
				CLANG_WARN_INFINITE_RECURSION = YES;
				CLANG_WARN_INT_CONVERSION = YES;
				CLANG_WARN_NON_LITERAL_NULL_CONVERSION = YES;
				CLANG_WARN_OBJC_IMPLICIT_RETAIN_SELF = YES;
				CLANG_WARN_OBJC_LITERAL_CONVERSION = YES;
				CLANG_WARN_OBJC_ROOT_CLASS = YES_ERROR;
				CLANG_WARN_QUOTED_INCLUDE_IN_FRAMEWORK_HEADER = YES;
				CLANG_WARN_RANGE_LOOP_ANALYSIS = YES;
				CLANG_WARN_STRICT_PROTOTYPES = YES;
				CLANG_WARN_SUSPICIOUS_MOVE = YES;
				CLANG_WARN_UNGUARDED_AVAILABILITY = YES_AGGRESSIVE;
				CLANG_WARN_UNREACHABLE_CODE = YES;
				CLANG_WARN__DUPLICATE_METHOD_MATCH = YES;
				COPY_PHASE_STRIP = NO;
				DEBUG_INFORMATION_FORMAT = dwarf;
				DEVELOPMENT_TEAM = 23RV7FYH36;
				ENABLE_STRICT_OBJC_MSGSEND = YES;
				ENABLE_TESTABILITY = YES;
				ENABLE_USER_SCRIPT_SANDBOXING = YES;
				GCC_C_LANGUAGE_STANDARD = gnu17;
				GCC_DYNAMIC_NO_PIC = NO;
				GCC_NO_COMMON_BLOCKS = YES;
				GCC_OPTIMIZATION_LEVEL = 0;
				GCC_PREPROCESSOR_DEFINITIONS = (
					"DEBUG=1",
					"$(inherited)",
				);
				GCC_WARN_64_TO_32_BIT_CONVERSION = YES;
				GCC_WARN_ABOUT_RETURN_TYPE = YES_ERROR;
				GCC_WARN_UNDECLARED_SELECTOR = YES;
				GCC_WARN_UNINITIALIZED_AUTOS = YES_AGGRESSIVE;
				GCC_WARN_UNUSED_FUNCTION = YES;
				GCC_WARN_UNUSED_VARIABLE = YES;
				IPHONEOS_DEPLOYMENT_TARGET = 26.2;
				LOCALIZATION_PREFERS_STRING_CATALOGS = YES;
				MTL_ENABLE_DEBUG_INFO = INCLUDE_SOURCE;
				MTL_FAST_MATH = YES;
				ONLY_ACTIVE_ARCH = YES;
				SDKROOT = iphoneos;
				STRING_CATALOG_GENERATE_SYMBOLS = YES;
				SWIFT_ACTIVE_COMPILATION_CONDITIONS = "DEBUG $(inherited)";
				SWIFT_OPTIMIZATION_LEVEL = "-Onone";
			};
			name = Debug;
		};
		BA8E0E1E2F33F198007DD537 /* Release */ = {
			isa = XCBuildConfiguration;
			buildSettings = {
				ALWAYS_SEARCH_USER_PATHS = NO;
				ASSETCATALOG_COMPILER_GENERATE_SWIFT_ASSET_SYMBOL_EXTENSIONS = YES;
				CLANG_ANALYZER_NONNULL = YES;
				CLANG_ANALYZER_NUMBER_OBJECT_CONVERSION = YES_AGGRESSIVE;
				CLANG_CXX_LANGUAGE_STANDARD = "gnu++20";
				CLANG_ENABLE_MODULES = YES;
				CLANG_ENABLE_OBJC_ARC = YES;
				CLANG_ENABLE_OBJC_WEAK = YES;
				CLANG_WARN_BLOCK_CAPTURE_AUTORELEASING = YES;
				CLANG_WARN_BOOL_CONVERSION = YES;
				CLANG_WARN_COMMA = YES;
				CLANG_WARN_CONSTANT_CONVERSION = YES;
				CLANG_WARN_DEPRECATED_OBJC_IMPLEMENTATIONS = YES;
				CLANG_WARN_DIRECT_OBJC_ISA_USAGE = YES_ERROR;
				CLANG_WARN_DOCUMENTATION_COMMENTS = YES;
				CLANG_WARN_EMPTY_BODY = YES;
				CLANG_WARN_ENUM_CONVERSION = YES;
				CLANG_WARN_INFINITE_RECURSION = YES;
				CLANG_WARN_INT_CONVERSION = YES;
				CLANG_WARN_NON_LITERAL_NULL_CONVERSION = YES;
				CLANG_WARN_OBJC_IMPLICIT_RETAIN_SELF = YES;
				CLANG_WARN_OBJC_LITERAL_CONVERSION = YES;
				CLANG_WARN_OBJC_ROOT_CLASS = YES_ERROR;
				CLANG_WARN_QUOTED_INCLUDE_IN_FRAMEWORK_HEADER = YES;
				CLANG_WARN_RANGE_LOOP_ANALYSIS = YES;
				CLANG_WARN_STRICT_PROTOTYPES = YES;
				CLANG_WARN_SUSPICIOUS_MOVE = YES;
				CLANG_WARN_UNGUARDED_AVAILABILITY = YES_AGGRESSIVE;
				CLANG_WARN_UNREACHABLE_CODE = YES;
				CLANG_WARN__DUPLICATE_METHOD_MATCH = YES;
				COPY_PHASE_STRIP = NO;
				DEBUG_INFORMATION_FORMAT = "dwarf-with-dsym";
				DEVELOPMENT_TEAM = 23RV7FYH36;
				ENABLE_NS_ASSERTIONS = NO;
				ENABLE_STRICT_OBJC_MSGSEND = YES;
				ENABLE_USER_SCRIPT_SANDBOXING = YES;
				GCC_C_LANGUAGE_STANDARD = gnu17;
				GCC_NO_COMMON_BLOCKS = YES;
				GCC_WARN_64_TO_32_BIT_CONVERSION = YES;
				GCC_WARN_ABOUT_RETURN_TYPE = YES_ERROR;
				GCC_WARN_UNDECLARED_SELECTOR = YES;
				GCC_WARN_UNINITIALIZED_AUTOS = YES_AGGRESSIVE;
				GCC_WARN_UNUSED_FUNCTION = YES;
				GCC_WARN_UNUSED_VARIABLE = YES;
				IPHONEOS_DEPLOYMENT_TARGET = 26.2;
				LOCALIZATION_PREFERS_STRING_CATALOGS = YES;
				MTL_ENABLE_DEBUG_INFO = NO;
				MTL_FAST_MATH = YES;
				SDKROOT = iphoneos;
				STRING_CATALOG_GENERATE_SYMBOLS = YES;
				SWIFT_COMPILATION_MODE = wholemodule;
				VALIDATE_PRODUCT = YES;
			};
			name = Release;
		};
		BA8E0E202F33F198007DD537 /* Debug */ = {
			isa = XCBuildConfiguration;
			buildSettings = {
				BUNDLE_LOADER = "$(TEST_HOST)";
				CODE_SIGN_STYLE = Automatic;
				CURRENT_PROJECT_VERSION = 1;
				DEVELOPMENT_TEAM = 23RV7FYH36;
				GENERATE_INFOPLIST_FILE = YES;
				IPHONEOS_DEPLOYMENT_TARGET = 26.2;
				MARKETING_VERSION = 1.1;
				PRODUCT_BUNDLE_IDENTIFIER = com.apoorvdarshan.calorietrackerTests;
				PRODUCT_NAME = "$(TARGET_NAME)";
				STRING_CATALOG_GENERATE_SYMBOLS = NO;
				SWIFT_APPROACHABLE_CONCURRENCY = YES;
				SWIFT_EMIT_LOC_STRINGS = NO;
				SWIFT_UPCOMING_FEATURE_MEMBER_IMPORT_VISIBILITY = YES;
				SWIFT_VERSION = 5.0;
				TARGETED_DEVICE_FAMILY = "1,2";
				TEST_HOST = "$(BUILT_PRODUCTS_DIR)/calorietracker.app/$(BUNDLE_EXECUTABLE_FOLDER_PATH)/calorietracker";
			};
			name = Debug;
		};
		BA8E0E212F33F198007DD537 /* Release */ = {
			isa = XCBuildConfiguration;
			buildSettings = {
				BUNDLE_LOADER = "$(TEST_HOST)";
				CODE_SIGN_STYLE = Automatic;
				CURRENT_PROJECT_VERSION = 1;
				DEVELOPMENT_TEAM = 23RV7FYH36;
				GENERATE_INFOPLIST_FILE = YES;
				IPHONEOS_DEPLOYMENT_TARGET = 26.2;
				MARKETING_VERSION = 1.1;
				PRODUCT_BUNDLE_IDENTIFIER = com.apoorvdarshan.calorietrackerTests;
				PRODUCT_NAME = "$(TARGET_NAME)";
				STRING_CATALOG_GENERATE_SYMBOLS = NO;
				SWIFT_APPROACHABLE_CONCURRENCY = YES;
				SWIFT_EMIT_LOC_STRINGS = NO;
				SWIFT_UPCOMING_FEATURE_MEMBER_IMPORT_VISIBILITY = YES;
				SWIFT_VERSION = 5.0;
				TARGETED_DEVICE_FAMILY = "1,2";
				TEST_HOST = "$(BUILT_PRODUCTS_DIR)/calorietracker.app/$(BUNDLE_EXECUTABLE_FOLDER_PATH)/calorietracker";
			};
			name = Release;
		};
		BA8E0E232F33F198007DD537 /* Debug */ = {
			isa = XCBuildConfiguration;
			buildSettings = {
				CODE_SIGN_STYLE = Automatic;
				CURRENT_PROJECT_VERSION = 1;
				DEVELOPMENT_TEAM = 23RV7FYH36;
				GENERATE_INFOPLIST_FILE = YES;
				MARKETING_VERSION = 1.1;
				PRODUCT_BUNDLE_IDENTIFIER = com.apoorvdarshan.calorietrackerUITests;
				PRODUCT_NAME = "$(TARGET_NAME)";
				STRING_CATALOG_GENERATE_SYMBOLS = NO;
				SWIFT_APPROACHABLE_CONCURRENCY = YES;
				SWIFT_EMIT_LOC_STRINGS = NO;
				SWIFT_UPCOMING_FEATURE_MEMBER_IMPORT_VISIBILITY = YES;
				SWIFT_VERSION = 5.0;
				TARGETED_DEVICE_FAMILY = "1,2";
				TEST_TARGET_NAME = calorietracker;
			};
			name = Debug;
		};
		BA8E0E242F33F198007DD537 /* Release */ = {
			isa = XCBuildConfiguration;
			buildSettings = {
				CODE_SIGN_STYLE = Automatic;
				CURRENT_PROJECT_VERSION = 1;
				DEVELOPMENT_TEAM = 23RV7FYH36;
				GENERATE_INFOPLIST_FILE = YES;
				MARKETING_VERSION = 1.1;
				PRODUCT_BUNDLE_IDENTIFIER = com.apoorvdarshan.calorietrackerUITests;
				PRODUCT_NAME = "$(TARGET_NAME)";
				STRING_CATALOG_GENERATE_SYMBOLS = NO;
				SWIFT_APPROACHABLE_CONCURRENCY = YES;
				SWIFT_EMIT_LOC_STRINGS = NO;
				SWIFT_UPCOMING_FEATURE_MEMBER_IMPORT_VISIBILITY = YES;
				SWIFT_VERSION = 5.0;
				TARGETED_DEVICE_FAMILY = "1,2";
				TEST_TARGET_NAME = calorietracker;
			};
			name = Release;
		};
/* End XCBuildConfiguration section */

/* Begin XCConfigurationList section */
		BA8E0DEE2F33F197007DD537 /* Build configuration list for PBXProject "calorietracker" */ = {
			isa = XCConfigurationList;
			buildConfigurations = (
				BA8E0E1D2F33F198007DD537 /* Debug */,
				BA8E0E1E2F33F198007DD537 /* Release */,
			);
			defaultConfigurationIsVisible = 0;
			defaultConfigurationName = Release;
		};
		BA8E0E1A2F33F198007DD537 /* Build configuration list for PBXNativeTarget "calorietracker" */ = {
			isa = XCConfigurationList;
			buildConfigurations = (
				BA8E0E1B2F33F198007DD537 /* Debug */,
				BA8E0E1C2F33F198007DD537 /* Release */,
			);
			defaultConfigurationIsVisible = 0;
			defaultConfigurationName = Release;
		};
		BA8E0E1F2F33F198007DD537 /* Build configuration list for PBXNativeTarget "calorietrackerTests" */ = {
			isa = XCConfigurationList;
			buildConfigurations = (
				BA8E0E202F33F198007DD537 /* Debug */,
				BA8E0E212F33F198007DD537 /* Release */,
			);
			defaultConfigurationIsVisible = 0;
			defaultConfigurationName = Release;
		};
		BA8E0E222F33F198007DD537 /* Build configuration list for PBXNativeTarget "calorietrackerUITests" */ = {
			isa = XCConfigurationList;
			buildConfigurations = (
				BA8E0E232F33F198007DD537 /* Debug */,
				BA8E0E242F33F198007DD537 /* Release */,
			);
			defaultConfigurationIsVisible = 0;
			defaultConfigurationName = Release;
		};
/* End XCConfigurationList section */
	};
	rootObject = BA8E0DEB2F33F197007DD537 /* Project object */;
}
